
Microsoft Visual Studio Solution File, Format Version 12.00
# Visual Studio Version 17
VisualStudioVersion = 17.2.32602.215
MinimumVisualStudioVersion = 10.0.40219.1
Project("{9A19103F-16F7-4668-BE54-9A1E7A4F7556}") = "SocketServerNetCore", "SocketServerNetCore\SocketServerNetCore.csproj", "{46251634-C0DC-4C34-BE05-7D8B8525389D}"
EndProject
Project("{9A19103F-16F7-4668-BE54-9A1E7A4F7556}") = "WatchDogNetCore", "WatchDogNetCore\WatchDogNetCore.csproj", "{0B984DD1-3000-47E1-8B1B-C35B3A726E20}"
EndProject
Project("{9A19103F-16F7-4668-BE54-9A1E7A4F7556}") = "CommonClassLibrary", "CommonClassLibrary\CommonClassLibrary.csproj", "{69987718-DCF8-4EAE-9F1C-ED759B8F147C}"
EndProject
Project("{9A19103F-16F7-4668-BE54-9A1E7A4F7556}") = "PayloadNetNode", "PayloadNetNode\PayloadNetNode.csproj", "{BF000F2E-2FB7-4938-B520-1353A724F88B}"
EndProject
Project("{9A19103F-16F7-4668-BE54-9A1E7A4F7556}") = "CommonLibTest", "CommonLibTest\CommonLibTest.csproj", "{059CBEF0-2D16-498A-98CB-626F54705AD8}"
EndProject
Project("{FAE04EC0-301F-11D3-BF4B-00C04F79EFBC}") = "DLLLibrary", "DLLLibrary\DLLLibrary.csproj", "{4151A19F-3999-4D65-A636-21F36851C059}"
EndProject
Project("{FAE04EC0-301F-11D3-BF4B-00C04F79EFBC}") = "SocketServerNetCore.Tests", "SocketServerNetCore.Tests\SocketServerNetCore.Tests.csproj", "{9FE674A9-B378-40AF-B956-AAD044D07466}"
EndProject
Global
	GlobalSection(SolutionConfigurationPlatforms) = preSolution
		Debug|Any CPU = Debug|Any CPU
		Release|Any CPU = Release|Any CPU
	EndGlobalSection
	GlobalSection(ProjectConfigurationPlatforms) = postSolution
		{46251634-C0DC-4C34-BE05-7D8B8525389D}.Debug|Any CPU.ActiveCfg = Debug|Any CPU
		{46251634-C0DC-4C34-BE05-7D8B8525389D}.Debug|Any CPU.Build.0 = Debug|Any CPU
		{46251634-C0DC-4C34-BE05-7D8B8525389D}.Release|Any CPU.ActiveCfg = Release|Any CPU
		{46251634-C0DC-4C34-BE05-7D8B8525389D}.Release|Any CPU.Build.0 = Release|Any CPU
		{0B984DD1-3000-47E1-8B1B-C35B3A726E20}.Debug|Any CPU.ActiveCfg = Debug|Any CPU
		{0B984DD1-3000-47E1-8B1B-C35B3A726E20}.Debug|Any CPU.Build.0 = Debug|Any CPU
		{0B984DD1-3000-47E1-8B1B-C35B3A726E20}.Release|Any CPU.ActiveCfg = Release|Any CPU
		{0B984DD1-3000-47E1-8B1B-C35B3A726E20}.Release|Any CPU.Build.0 = Release|Any CPU
		{69987718-DCF8-4EAE-9F1C-ED759B8F147C}.Debug|Any CPU.ActiveCfg = Debug|Any CPU
		{69987718-DCF8-4EAE-9F1C-ED759B8F147C}.Debug|Any CPU.Build.0 = Debug|Any CPU
		{69987718-DCF8-4EAE-9F1C-ED759B8F147C}.Release|Any CPU.ActiveCfg = Release|Any CPU
		{69987718-DCF8-4EAE-9F1C-ED759B8F147C}.Release|Any CPU.Build.0 = Release|Any CPU
		{BF000F2E-2FB7-4938-B520-1353A724F88B}.Debug|Any CPU.ActiveCfg = Debug|Any CPU
		{BF000F2E-2FB7-4938-B520-1353A724F88B}.Debug|Any CPU.Build.0 = Debug|Any CPU
		{BF000F2E-2FB7-4938-B520-1353A724F88B}.Release|Any CPU.ActiveCfg = Release|Any CPU
		{BF000F2E-2FB7-4938-B520-1353A724F88B}.Release|Any CPU.Build.0 = Release|Any CPU
		{059CBEF0-2D16-498A-98CB-626F54705AD8}.Debug|Any CPU.ActiveCfg = Debug|Any CPU
		{059CBEF0-2D16-498A-98CB-626F54705AD8}.Debug|Any CPU.Build.0 = Debug|Any CPU
		{059CBEF0-2D16-498A-98CB-626F54705AD8}.Release|Any CPU.ActiveCfg = Release|Any CPU
		{059CBEF0-2D16-498A-98CB-626F54705AD8}.Release|Any CPU.Build.0 = Release|Any CPU
		{4151A19F-3999-4D65-A636-21F36851C059}.Debug|Any CPU.ActiveCfg = Debug|Any CPU
		{4151A19F-3999-4D65-A636-21F36851C059}.Debug|Any CPU.Build.0 = Debug|Any CPU
		{4151A19F-3999-4D65-A636-21F36851C059}.Release|Any CPU.ActiveCfg = Release|Any CPU
		{4151A19F-3999-4D65-A636-21F36851C059}.Release|Any CPU.Build.0 = Release|Any CPU
		{9FE674A9-B378-40AF-B956-AAD044D07466}.Debug|Any CPU.ActiveCfg = Debug|Any CPU
		{9FE674A9-B378-40AF-B956-AAD044D07466}.Debug|Any CPU.Build.0 = Debug|Any CPU
		{9FE674A9-B378-40AF-B956-AAD044D07466}.Release|Any CPU.ActiveCfg = Release|Any CPU
		{9FE674A9-B378-40AF-B956-AAD044D07466}.Release|Any CPU.Build.0 = Release|Any CPU
	EndGlobalSection
	GlobalSection(SolutionProperties) = preSolution
		HideSolutionNode = FALSE
	EndGlobalSection
	GlobalSection(ExtensibilityGlobals) = postSolution
		SolutionGuid = {CFFC1429-9DA3-4E66-AA57-62F5D6C753C5}
	EndGlobalSection
EndGlobal
